
Microsoft Visual Studio Solution File, Format Version 12.00
# Visual Studio Version 16
VisualStudioVersion = 16.0.29209.62
MinimumVisualStudioVersion = 10.0.40219.1
Project("{FAE04EC0-301F-11D3-BF4B-00C04F79EFBC}") = "Decision1", "Decision1\Decision1.csproj", "{D5FAE882-07A6-4054-B357-DB37A3604AB6}"
EndProject
Global
	GlobalSection(SolutionConfigurationPlatforms) = preSolution
		Debug|Any CPU = Debug|Any CPU
		Release|Any CPU = Release|Any CPU
	EndGlobalSection
	GlobalSection(ProjectConfigurationPlatforms) = postSolution
		{D5FAE882-07A6-4054-B357-DB37A3604AB6}.Debug|Any CPU.ActiveCfg = Debug|Any CPU
		{D5FAE882-07A6-4054-B357-DB37A3604AB6}.Debug|Any CPU.Build.0 = Debug|Any CPU
		{D5FAE882-07A6-4054-B357-DB37A3604AB6}.Release|Any CPU.ActiveCfg = Release|Any CPU
		{D5FAE882-07A6-4054-B357-DB37A3604AB6}.Release|Any CPU.Build.0 = Release|Any CPU
	EndGlobalSection
	GlobalSection(SolutionProperties) = preSolution
		HideSolutionNode = FALSE
	EndGlobalSection
	GlobalSection(ExtensibilityGlobals) = postSolution
		SolutionGuid = {22D96105-8C6C-4DCC-80E3-F75EC9C28514}
	EndGlobalSection
EndGlobal
