
Microsoft Visual Studio Solution File, Format Version 12.00
# Visual Studio Version 16
VisualStudioVersion = 16.0.29209.62
MinimumVisualStudioVersion = 10.0.40219.1
Project("{FAE04EC0-301F-11D3-BF4B-00C04F79EFBC}") = "LoadArray", "LoadArray\LoadArray.csproj", "{04C4BC10-1948-41D1-950C-D3F3EBFC648A}"
EndProject
Project("{FAE04EC0-301F-11D3-BF4B-00C04F79EFBC}") = "SequentialSearchFind", "SequentialSearchFind\SequentialSearchFind.csproj", "{DE3B0417-7967-46C6-B0A9-94F4B1547FC2}"
EndProject
Project("{FAE04EC0-301F-11D3-BF4B-00C04F79EFBC}") = "Question1", "Question1\Question1.csproj", "{C0CDF4CC-2973-464B-ADBF-5028BE4E1D75}"
EndProject
Project("{FAE04EC0-301F-11D3-BF4B-00C04F79EFBC}") = "RandomGen", "RandomGen\RandomGen.csproj", "{B724518C-02FE-454C-9339-DB193ACC93A1}"
EndProject
Project("{FAE04EC0-301F-11D3-BF4B-00C04F79EFBC}") = "Question4", "Question4\Question4.csproj", "{8B53D5FD-88B4-4DC0-99A5-DE04BB97E0C5}"
EndProject
Project("{FAE04EC0-301F-11D3-BF4B-00C04F79EFBC}") = "ParallelArrays", "ParallelArrays\ParallelArrays.csproj", "{02EA3FE2-8AB0-4A39-BBF5-EF665C9D6E74}"
EndProject
Global
	GlobalSection(SolutionConfigurationPlatforms) = preSolution
		Debug|Any CPU = Debug|Any CPU
		Release|Any CPU = Release|Any CPU
	EndGlobalSection
	GlobalSection(ProjectConfigurationPlatforms) = postSolution
		{04C4BC10-1948-41D1-950C-D3F3EBFC648A}.Debug|Any CPU.ActiveCfg = Debug|Any CPU
		{04C4BC10-1948-41D1-950C-D3F3EBFC648A}.Debug|Any CPU.Build.0 = Debug|Any CPU
		{04C4BC10-1948-41D1-950C-D3F3EBFC648A}.Release|Any CPU.ActiveCfg = Release|Any CPU
		{04C4BC10-1948-41D1-950C-D3F3EBFC648A}.Release|Any CPU.Build.0 = Release|Any CPU
		{DE3B0417-7967-46C6-B0A9-94F4B1547FC2}.Debug|Any CPU.ActiveCfg = Debug|Any CPU
		{DE3B0417-7967-46C6-B0A9-94F4B1547FC2}.Debug|Any CPU.Build.0 = Debug|Any CPU
		{DE3B0417-7967-46C6-B0A9-94F4B1547FC2}.Release|Any CPU.ActiveCfg = Release|Any CPU
		{DE3B0417-7967-46C6-B0A9-94F4B1547FC2}.Release|Any CPU.Build.0 = Release|Any CPU
		{C0CDF4CC-2973-464B-ADBF-5028BE4E1D75}.Debug|Any CPU.ActiveCfg = Debug|Any CPU
		{C0CDF4CC-2973-464B-ADBF-5028BE4E1D75}.Debug|Any CPU.Build.0 = Debug|Any CPU
		{C0CDF4CC-2973-464B-ADBF-5028BE4E1D75}.Release|Any CPU.ActiveCfg = Release|Any CPU
		{C0CDF4CC-2973-464B-ADBF-5028BE4E1D75}.Release|Any CPU.Build.0 = Release|Any CPU
		{B724518C-02FE-454C-9339-DB193ACC93A1}.Debug|Any CPU.ActiveCfg = Debug|Any CPU
		{B724518C-02FE-454C-9339-DB193ACC93A1}.Debug|Any CPU.Build.0 = Debug|Any CPU
		{B724518C-02FE-454C-9339-DB193ACC93A1}.Release|Any CPU.ActiveCfg = Release|Any CPU
		{B724518C-02FE-454C-9339-DB193ACC93A1}.Release|Any CPU.Build.0 = Release|Any CPU
		{8B53D5FD-88B4-4DC0-99A5-DE04BB97E0C5}.Debug|Any CPU.ActiveCfg = Debug|Any CPU
		{8B53D5FD-88B4-4DC0-99A5-DE04BB97E0C5}.Debug|Any CPU.Build.0 = Debug|Any CPU
		{8B53D5FD-88B4-4DC0-99A5-DE04BB97E0C5}.Release|Any CPU.ActiveCfg = Release|Any CPU
		{8B53D5FD-88B4-4DC0-99A5-DE04BB97E0C5}.Release|Any CPU.Build.0 = Release|Any CPU
		{02EA3FE2-8AB0-4A39-BBF5-EF665C9D6E74}.Debug|Any CPU.ActiveCfg = Debug|Any CPU
		{02EA3FE2-8AB0-4A39-BBF5-EF665C9D6E74}.Debug|Any CPU.Build.0 = Debug|Any CPU
		{02EA3FE2-8AB0-4A39-BBF5-EF665C9D6E74}.Release|Any CPU.ActiveCfg = Release|Any CPU
		{02EA3FE2-8AB0-4A39-BBF5-EF665C9D6E74}.Release|Any CPU.Build.0 = Release|Any CPU
	EndGlobalSection
	GlobalSection(SolutionProperties) = preSolution
		HideSolutionNode = FALSE
	EndGlobalSection
	GlobalSection(ExtensibilityGlobals) = postSolution
		SolutionGuid = {AA4B1EA5-AD20-4650-896E-B5F80CB05194}
	EndGlobalSection
EndGlobal
