
Microsoft Visual Studio Solution File, Format Version 12.00
# Visual Studio Version 16
VisualStudioVersion = 16.0.29209.62
MinimumVisualStudioVersion = 10.0.40219.1
Project("{FAE04EC0-301F-11D3-BF4B-00C04F79EFBC}") = "Iterations-PreTest", "Iteration\Iterations-PreTest.csproj", "{D2D89DE5-666A-4FE5-85AB-E4D609281E49}"
EndProject
Project("{FAE04EC0-301F-11D3-BF4B-00C04F79EFBC}") = "Iterations-PostTest", "Ierations-\Iterations-PostTest.csproj", "{B4C49B02-94EF-40DD-B5C1-3E9F9AE185BC}"
EndProject
Global
	GlobalSection(SolutionConfigurationPlatforms) = preSolution
		Debug|Any CPU = Debug|Any CPU
		Release|Any CPU = Release|Any CPU
	EndGlobalSection
	GlobalSection(ProjectConfigurationPlatforms) = postSolution
		{D2D89DE5-666A-4FE5-85AB-E4D609281E49}.Debug|Any CPU.ActiveCfg = Debug|Any CPU
		{D2D89DE5-666A-4FE5-85AB-E4D609281E49}.Debug|Any CPU.Build.0 = Debug|Any CPU
		{D2D89DE5-666A-4FE5-85AB-E4D609281E49}.Release|Any CPU.ActiveCfg = Release|Any CPU
		{D2D89DE5-666A-4FE5-85AB-E4D609281E49}.Release|Any CPU.Build.0 = Release|Any CPU
		{B4C49B02-94EF-40DD-B5C1-3E9F9AE185BC}.Debug|Any CPU.ActiveCfg = Debug|Any CPU
		{B4C49B02-94EF-40DD-B5C1-3E9F9AE185BC}.Debug|Any CPU.Build.0 = Debug|Any CPU
		{B4C49B02-94EF-40DD-B5C1-3E9F9AE185BC}.Release|Any CPU.ActiveCfg = Release|Any CPU
		{B4C49B02-94EF-40DD-B5C1-3E9F9AE185BC}.Release|Any CPU.Build.0 = Release|Any CPU
	EndGlobalSection
	GlobalSection(SolutionProperties) = preSolution
		HideSolutionNode = FALSE
	EndGlobalSection
	GlobalSection(ExtensibilityGlobals) = postSolution
		SolutionGuid = {40B49C95-DB23-46D5-BBC5-2DDEF4B364EE}
	EndGlobalSection
EndGlobal
