
Microsoft Visual Studio Solution File, Format Version 12.00
# Visual Studio Version 16
VisualStudioVersion = 16.0.29209.62
MinimumVisualStudioVersion = 10.0.40219.1
Project("{FAE04EC0-301F-11D3-BF4B-00C04F79EFBC}") = "ForLoop", "ForLoop\ForLoop.csproj", "{A6B51AF3-7807-4C6E-B11F-87CB7FA81618}"
EndProject
Project("{FAE04EC0-301F-11D3-BF4B-00C04F79EFBC}") = "Iterations-PostTest", "Iterations\Iterations-PostTest.csproj", "{B4C49B02-94EF-40DD-B5C1-3E9F9AE185BC}"
EndProject
Project("{FAE04EC0-301F-11D3-BF4B-00C04F79EFBC}") = "Iterations-PreTest", "Iterations2\Iterations-PreTest.csproj", "{D2D89DE5-666A-4FE5-85AB-E4D609281E49}"
EndProject
Project("{FAE04EC0-301F-11D3-BF4B-00C04F79EFBC}") = "MenuLoop", "MenuLoop\MenuLoop.csproj", "{310F606C-665E-46A1-8DF6-2551FCE64243}"
EndProject
Project("{FAE04EC0-301F-11D3-BF4B-00C04F79EFBC}") = "NestedLoop", "NestedLoop\NestedLoop.csproj", "{8FBE9BA3-9951-4A3B-BFAB-78BCA0D12407}"
EndProject
Project("{FAE04EC0-301F-11D3-BF4B-00C04F79EFBC}") = "HeadsOrTails", "HeadsOrTails\HeadsOrTails.csproj", "{B854F979-B3CD-495B-85CA-231AFA9E1CB0}"
EndProject
Project("{FAE04EC0-301F-11D3-BF4B-00C04F79EFBC}") = "CorePortfolio03-Sonja", "..\..\..\2020-jan-coreportfolio-SonjaMae\CorePortfolio03-Solution\CorePortfolio03-Sonja\CorePortfolio03-Sonja.csproj", "{6E3BE196-FDA8-4262-84A5-676D67EC75D8}"
EndProject
Global
	GlobalSection(SolutionConfigurationPlatforms) = preSolution
		Debug|Any CPU = Debug|Any CPU
		Release|Any CPU = Release|Any CPU
	EndGlobalSection
	GlobalSection(ProjectConfigurationPlatforms) = postSolution
		{A6B51AF3-7807-4C6E-B11F-87CB7FA81618}.Debug|Any CPU.ActiveCfg = Debug|Any CPU
		{A6B51AF3-7807-4C6E-B11F-87CB7FA81618}.Debug|Any CPU.Build.0 = Debug|Any CPU
		{A6B51AF3-7807-4C6E-B11F-87CB7FA81618}.Release|Any CPU.ActiveCfg = Release|Any CPU
		{A6B51AF3-7807-4C6E-B11F-87CB7FA81618}.Release|Any CPU.Build.0 = Release|Any CPU
		{B4C49B02-94EF-40DD-B5C1-3E9F9AE185BC}.Debug|Any CPU.ActiveCfg = Debug|Any CPU
		{B4C49B02-94EF-40DD-B5C1-3E9F9AE185BC}.Debug|Any CPU.Build.0 = Debug|Any CPU
		{B4C49B02-94EF-40DD-B5C1-3E9F9AE185BC}.Release|Any CPU.ActiveCfg = Release|Any CPU
		{B4C49B02-94EF-40DD-B5C1-3E9F9AE185BC}.Release|Any CPU.Build.0 = Release|Any CPU
		{D2D89DE5-666A-4FE5-85AB-E4D609281E49}.Debug|Any CPU.ActiveCfg = Debug|Any CPU
		{D2D89DE5-666A-4FE5-85AB-E4D609281E49}.Debug|Any CPU.Build.0 = Debug|Any CPU
		{D2D89DE5-666A-4FE5-85AB-E4D609281E49}.Release|Any CPU.ActiveCfg = Release|Any CPU
		{D2D89DE5-666A-4FE5-85AB-E4D609281E49}.Release|Any CPU.Build.0 = Release|Any CPU
		{310F606C-665E-46A1-8DF6-2551FCE64243}.Debug|Any CPU.ActiveCfg = Debug|Any CPU
		{310F606C-665E-46A1-8DF6-2551FCE64243}.Debug|Any CPU.Build.0 = Debug|Any CPU
		{310F606C-665E-46A1-8DF6-2551FCE64243}.Release|Any CPU.ActiveCfg = Release|Any CPU
		{310F606C-665E-46A1-8DF6-2551FCE64243}.Release|Any CPU.Build.0 = Release|Any CPU
		{8FBE9BA3-9951-4A3B-BFAB-78BCA0D12407}.Debug|Any CPU.ActiveCfg = Debug|Any CPU
		{8FBE9BA3-9951-4A3B-BFAB-78BCA0D12407}.Debug|Any CPU.Build.0 = Debug|Any CPU
		{8FBE9BA3-9951-4A3B-BFAB-78BCA0D12407}.Release|Any CPU.ActiveCfg = Release|Any CPU
		{8FBE9BA3-9951-4A3B-BFAB-78BCA0D12407}.Release|Any CPU.Build.0 = Release|Any CPU
		{B854F979-B3CD-495B-85CA-231AFA9E1CB0}.Debug|Any CPU.ActiveCfg = Debug|Any CPU
		{B854F979-B3CD-495B-85CA-231AFA9E1CB0}.Debug|Any CPU.Build.0 = Debug|Any CPU
		{B854F979-B3CD-495B-85CA-231AFA9E1CB0}.Release|Any CPU.ActiveCfg = Release|Any CPU
		{B854F979-B3CD-495B-85CA-231AFA9E1CB0}.Release|Any CPU.Build.0 = Release|Any CPU
		{6E3BE196-FDA8-4262-84A5-676D67EC75D8}.Debug|Any CPU.ActiveCfg = Debug|Any CPU
		{6E3BE196-FDA8-4262-84A5-676D67EC75D8}.Debug|Any CPU.Build.0 = Debug|Any CPU
		{6E3BE196-FDA8-4262-84A5-676D67EC75D8}.Release|Any CPU.ActiveCfg = Release|Any CPU
		{6E3BE196-FDA8-4262-84A5-676D67EC75D8}.Release|Any CPU.Build.0 = Release|Any CPU
	EndGlobalSection
	GlobalSection(SolutionProperties) = preSolution
		HideSolutionNode = FALSE
	EndGlobalSection
	GlobalSection(ExtensibilityGlobals) = postSolution
		SolutionGuid = {40B49C95-DB23-46D5-BBC5-2DDEF4B364EE}
	EndGlobalSection
EndGlobal
